{
  "name": "@fragy/purity",
  "version": "0.2.5",
  "lockfileVersion": 2,
  "requires": true,
  "packages": {
    "": {
      "name": "@fragy/purity",
      "version": "0.2.5",
      "license": "MIT",
      "dependencies": {
        "pangu.simple": "^1.0.5",
        "vue-lazyload": "^1.3.3"
      }
    },
    "node_modules/pangu.simple": {
      "version": "1.0.5",
      "resolved": "https://registry.npmjs.org/pangu.simple/-/pangu.simple-1.0.5.tgz",
      "integrity": "sha512-KuFsigKKgx9byM2//AfzoAdsYAYYTukDP/ZRCmdINytChdu048u7FQ5HZB41DPTqA4bh+Nhy2Zs0o6hI8mMeig==",
      "bin": {
        "pangu": "dist/node/cli.js"
      }
    },
    "node_modules/vue-lazyload": {
      "version": "1.3.3",
      "resolved": "https://registry.npmjs.org/vue-lazyload/-/vue-lazyload-1.3.3.tgz",
      "integrity": "sha512-uHnq0FTEeNmqnbBC2aRKlmtd9LofMZ6Q3mWvgfLa+i9vhxU8fDK+nGs9c1iVT85axSua/AUnMttIq3xPaU9G3A=="
    }
  },
  "dependencies": {
    "pangu.simple": {
      "version": "1.0.5",
      "resolved": "https://registry.npmjs.org/pangu.simple/-/pangu.simple-1.0.5.tgz",
      "integrity": "sha512-KuFsigKKgx9byM2//AfzoAdsYAYYTukDP/ZRCmdINytChdu048u7FQ5HZB41DPTqA4bh+Nhy2Zs0o6hI8mMeig=="
    },
    "vue-lazyload": {
      "version": "1.3.3",
      "resolved": "https://registry.npmjs.org/vue-lazyload/-/vue-lazyload-1.3.3.tgz",
      "integrity": "sha512-uHnq0FTEeNmqnbBC2aRKlmtd9LofMZ6Q3mWvgfLa+i9vhxU8fDK+nGs9c1iVT85axSua/AUnMttIq3xPaU9G3A=="
    }
  }
}
