{
  "name": "@fragy/purity",
  "version": "0.3.3",
  "lockfileVersion": 2,
  "requires": true,
  "packages": {
    "": {
      "name": "@fragy/purity",
      "version": "0.3.3",
      "license": "MIT",
      "dependencies": {
        "pangu.simple": "^1.0.5",
        "vue-lazyload-next": "^0.0.2"
      }
    },
    "node_modules/pangu.simple": {
      "version": "1.0.5",
      "resolved": "https://registry.npmjs.org/pangu.simple/-/pangu.simple-1.0.5.tgz",
      "integrity": "sha512-KuFsigKKgx9byM2//AfzoAdsYAYYTukDP/ZRCmdINytChdu048u7FQ5HZB41DPTqA4bh+Nhy2Zs0o6hI8mMeig==",
      "bin": {
        "pangu": "dist/node/cli.js"
      }
    },
    "node_modules/vue-lazyload-next": {
      "version": "0.0.2",
      "resolved": "http://mirrors.cloud.tencent.com/npm/vue-lazyload-next/-/vue-lazyload-next-0.0.2.tgz",
      "integrity": "sha512-mejBH5KmYG5ieRVHRImC/GHsJ4GCJN/Oyvf1mlQNzpEHgeve0PRjNqpLRdwHrD1BL7SjD49T1I3Z7Ilarq9miQ==",
      "license": "MIT"
    }
  },
  "dependencies": {
    "pangu.simple": {
      "version": "1.0.5",
      "resolved": "https://registry.npmjs.org/pangu.simple/-/pangu.simple-1.0.5.tgz",
      "integrity": "sha512-KuFsigKKgx9byM2//AfzoAdsYAYYTukDP/ZRCmdINytChdu048u7FQ5HZB41DPTqA4bh+Nhy2Zs0o6hI8mMeig=="
    },
    "vue-lazyload-next": {
      "version": "0.0.2",
      "resolved": "http://mirrors.cloud.tencent.com/npm/vue-lazyload-next/-/vue-lazyload-next-0.0.2.tgz",
      "integrity": "sha512-mejBH5KmYG5ieRVHRImC/GHsJ4GCJN/Oyvf1mlQNzpEHgeve0PRjNqpLRdwHrD1BL7SjD49T1I3Z7Ilarq9miQ=="
    }
  }
}
